# Generated by pub
# See https://dart.dev/tools/pub/glossary#lockfile
packages:
  animated_splash_screen:
    dependency: "direct main"
    description:
      name: animated_splash_screen
      sha256: f45634db6ec4e8cf034c53e03f3bd83898a16fe3c9286bf5510b6831dfcf2124
      url: "https://pub.dev"
    source: hosted
    version: "1.3.0"
  archive:
    dependency: transitive
    description:
      name: archive
      sha256: "0c8368c9b3f0abbc193b9d6133649a614204b528982bebc7026372d61677ce3a"
      url: "https://pub.dev"
    source: hosted
    version: "3.3.7"
  args:
    dependency: transitive
    description:
      name: args
      sha256: c372bb384f273f0c2a8aaaa226dad84dc27c8519a691b888725dec59518ad53a
      url: "https://pub.dev"
    source: hosted
    version: "2.4.1"
  asn1lib:
    dependency: transitive
    description:
      name: asn1lib
      sha256: c8e7571a1e9177db4c9b8de1b8f0e462dda18f397eed40b3787d90171d6251e7
      url: "https://pub.dev"
    source: hosted
    version: "1.1.1"
  async:
    dependency: transitive
    description:
      name: async
      sha256: "947bfcf187f74dbc5e146c9eb9c0f10c9f8b30743e341481c1e2ed3ecc18c20c"
      url: "https://pub.dev"
    source: hosted
    version: "2.11.0"
  boolean_selector:
    dependency: transitive
    description:
      name: boolean_selector
      sha256: "6cfb5af12253eaf2b368f07bacc5a80d1301a071c73360d746b7f2e32d762c66"
      url: "https://pub.dev"
    source: hosted
    version: "2.1.1"
  characters:
    dependency: transitive
    description:
      name: characters
      sha256: "04a925763edad70e8443c99234dc3328f442e811f1d8fd1a72f1c8ad0f69a605"
      url: "https://pub.dev"
    source: hosted
    version: "1.3.0"
  checked_yaml:
    dependency: transitive
    description:
      name: checked_yaml
      sha256: "3d1505d91afa809d177efd4eed5bb0eb65805097a1463abdd2add076effae311"
      url: "https://pub.dev"
    source: hosted
    version: "2.0.2"
  cli_util:
    dependency: transitive
    description:
      name: cli_util
      sha256: "66f86e916d285c1a93d3b79587d94bd71984a66aac4ff74e524cfa7877f1395c"
      url: "https://pub.dev"
    source: hosted
    version: "0.3.5"
  clock:
    dependency: transitive
    description:
      name: clock
      sha256: cb6d7f03e1de671e34607e909a7213e31d7752be4fb66a86d29fe1eb14bfb5cf
      url: "https://pub.dev"
    source: hosted
    version: "1.1.1"
  cloud_firestore:
    dependency: "direct main"
    description:
      name: cloud_firestore
      sha256: "98df48d2597bffaa4d814cb8bfe202cf3c951fbed5d154e2624e6ba49b664456"
      url: "https://pub.dev"
    source: hosted
    version: "3.4.3"
  cloud_firestore_platform_interface:
    dependency: transitive
    description:
      name: cloud_firestore_platform_interface
      sha256: "2927279c39c258ef810a96af363f9e9ba73a40646ac6997de9fc19d0cf8a74a3"
      url: "https://pub.dev"
    source: hosted
    version: "5.7.0"
  cloud_firestore_web:
    dependency: transitive
    description:
      name: cloud_firestore_web
      sha256: ea2395fde1ae21425c29acc19dc836b375ebb8620a4457231a9401ce9a8ebc04
      url: "https://pub.dev"
    source: hosted
    version: "2.8.3"
  collection:
    dependency: transitive
    description:
      name: collection
      sha256: "4a07be6cb69c84d677a6c3096fcf960cc3285a8330b4603e0d463d15d9bd934c"
      url: "https://pub.dev"
    source: hosted
    version: "1.17.1"
  convert:
    dependency: transitive
    description:
      name: convert
      sha256: "196284f26f69444b7f5c50692b55ec25da86d9e500451dc09333bf2e3ad69259"
      url: "https://pub.dev"
    source: hosted
    version: "3.0.2"
  cross_file:
    dependency: transitive
    description:
      name: cross_file
      sha256: "7632a2bcddc8cef4afde3c6f80e69b29a7060e176f01119c229fe4eb3a2a3d4f"
      url: "https://pub.dev"
    source: hosted
    version: "0.3.3+1"
  crypto:
    dependency: transitive
    description:
      name: crypto
      sha256: aa274aa7774f8964e4f4f38cc994db7b6158dd36e9187aaceaddc994b35c6c67
      url: "https://pub.dev"
    source: hosted
    version: "3.0.2"
  cupertino_icons:
    dependency: "direct main"
    description:
      name: cupertino_icons
      sha256: e35129dc44c9118cee2a5603506d823bab99c68393879edb440e0090d07586be
      url: "https://pub.dev"
    source: hosted
    version: "1.0.5"
  encrypt:
    dependency: "direct main"
    description:
      name: encrypt
      sha256: "4fd4e4fdc21b9d7d4141823e1e6515cd94e7b8d84749504c232999fba25d9bbb"
      url: "https://pub.dev"
    source: hosted
    version: "5.0.1"
  fake_async:
    dependency: transitive
    description:
      name: fake_async
      sha256: "511392330127add0b769b75a987850d136345d9227c6b94c96a04cf4a391bf78"
      url: "https://pub.dev"
    source: hosted
    version: "1.3.1"
  ffi:
    dependency: transitive
    description:
      name: ffi
      sha256: ed5337a5660c506388a9f012be0288fb38b49020ce2b45fe1f8b8323fe429f99
      url: "https://pub.dev"
    source: hosted
    version: "2.0.2"
  file:
    dependency: transitive
    description:
      name: file
      sha256: b69516f2c26a5bcac4eee2e32512e1a5205ab312b3536c1c1227b2b942b5f9ad
      url: "https://pub.dev"
    source: hosted
    version: "6.1.2"
  firebase_auth:
    dependency: "direct main"
    description:
      name: firebase_auth
      sha256: faba737a40826a62148032bf079df4625dfd349edb3f240bd848eab14ea1466c
      url: "https://pub.dev"
    source: hosted
    version: "3.4.2"
  firebase_auth_platform_interface:
    dependency: transitive
    description:
      name: firebase_auth_platform_interface
      sha256: "98917b36412954791e9d347c4cf111ca97408c9610bd6c3746f25265d7a2068a"
      url: "https://pub.dev"
    source: hosted
    version: "6.3.2"
  firebase_auth_web:
    dependency: transitive
    description:
      name: firebase_auth_web
      sha256: "28d3ea3b3c7249c453cf806b0232c221e1060b1f46c2b36a13c2a916ebecc532"
      url: "https://pub.dev"
    source: hosted
    version: "4.0.0"
  firebase_core:
    dependency: "direct main"
    description:
      name: firebase_core
      sha256: d6ea5525c868e3034b5f2407deb06f75d2e83f8e04c2478940e924d813e76164
      url: "https://pub.dev"
    source: hosted
    version: "1.20.0"
  firebase_core_platform_interface:
    dependency: transitive
    description:
      name: firebase_core_platform_interface
      sha256: b51257a8b4388565cd66062d727d3e60067b5f5cc3390eb0ecd20b8f97741bdb
      url: "https://pub.dev"
    source: hosted
    version: "4.5.1"
  firebase_core_web:
    dependency: transitive
    description:
      name: firebase_core_web
      sha256: "12853276fd2f9c1aed6f1e3470e3edf7caa6c9fbc39a2b0438f8986e1f468a41"
      url: "https://pub.dev"
    source: hosted
    version: "1.7.1"
  firebase_dynamic_links:
    dependency: "direct main"
    description:
      name: firebase_dynamic_links
      sha256: d3add2ea4d965cd8c3b23694309a14a89c41d49cf71f8fcc55ba2764604eb31f
      url: "https://pub.dev"
    source: hosted
    version: "2.0.11"
  firebase_storage:
    dependency: "direct main"
    description:
      name: firebase_storage
      sha256: "5b070b3814d0d5c047ea5d6198b00a1cac8a1b58bbb958f1559f291908419e03"
      url: "https://pub.dev"
    source: hosted
    version: "10.3.4"
  firebase_storage_platform_interface:
    dependency: transitive
    description:
      name: firebase_storage_platform_interface
      sha256: "9ee29ef8d4f2ef12875f686518cf73d7b92d18865a59ce9e9fca5686c074e464"
      url: "https://pub.dev"
    source: hosted
    version: "4.1.12"
  firebase_storage_web:
    dependency: transitive
    description:
      name: firebase_storage_web
      sha256: "0a8007fc1e6f5e3e46a70e985fa15a59c3b2257d3c1d03b3c0015e2b0dac763d"
      url: "https://pub.dev"
    source: hosted
    version: "3.3.2"
  flutter:
    dependency: "direct main"
    description: flutter
    source: sdk
    version: "0.0.0"
  flutter_launcher_icons:
    dependency: "direct dev"
    description:
      name: flutter_launcher_icons
      sha256: "02dcaf49d405f652b7160e882bacfc02cb497041bb2eab2a49b1c393cf9aac12"
      url: "https://pub.dev"
    source: hosted
    version: "0.12.0"
  flutter_plugin_android_lifecycle:
    dependency: transitive
    description:
      name: flutter_plugin_android_lifecycle
      sha256: "60fc7b78455b94e6de2333d2f95196d32cf5c22f4b0b0520a628804cb463503b"
      url: "https://pub.dev"
    source: hosted
    version: "2.0.7"
  flutter_spinkit:
    dependency: "direct main"
    description:
      name: flutter_spinkit
      sha256: "77a2117c0517ff909221f3160b8eb20052ab5216107581168af574ac1f05dff8"
      url: "https://pub.dev"
    source: hosted
    version: "5.1.0"
  flutter_test:
    dependency: "direct dev"
    description: flutter
    source: sdk
    version: "0.0.0"
  flutter_web_plugins:
    dependency: transitive
    description: flutter
    source: sdk
    version: "0.0.0"
  font_awesome_flutter:
    dependency: "direct main"
    description:
      name: font_awesome_flutter
      sha256: "7811c8b4e7455d2f60ef30022a6a07376de2858b47aecbe2861965b348fe2016"
      url: "https://pub.dev"
    source: hosted
    version: "10.1.0"
  get:
    dependency: "direct main"
    description:
      name: get
      sha256: "2ba20a47c8f1f233bed775ba2dd0d3ac97b4cf32fc17731b3dfc672b06b0e92a"
      url: "https://pub.dev"
    source: hosted
    version: "4.6.5"
  google_fonts:
    dependency: "direct main"
    description:
      name: google_fonts
      sha256: "8f099045e2f2a30e4d4d0a35f40c6bc941a8f2ca0e10ad9d214ee9edd3f37483"
      url: "https://pub.dev"
    source: hosted
    version: "3.0.1"
  http:
    dependency: transitive
    description:
      name: http
      sha256: "6aa2946395183537c8b880962d935877325d6a09a2867c3970c05c0fed6ac482"
      url: "https://pub.dev"
    source: hosted
    version: "0.13.5"
  http_parser:
    dependency: transitive
    description:
      name: http_parser
      sha256: db3060f22889f3d9d55f6a217565486737037eec3609f7f3eca4d0c67ee0d8a0
      url: "https://pub.dev"
    source: hosted
    version: "4.0.1"
  image:
    dependency: transitive
    description:
      name: image
      sha256: a72242c9a0ffb65d03de1b7113bc4e189686fc07c7147b8b41811d0dd0e0d9bf
      url: "https://pub.dev"
    source: hosted
    version: "4.0.17"
  image_picker:
    dependency: "direct main"
    description:
      name: image_picker
      sha256: f3712cd190227fb92e0960cb0ce22928ba042c7183b16864ade83b259adf8ea6
      url: "https://pub.dev"
    source: hosted
    version: "0.8.5+3"
  image_picker_android:
    dependency: transitive
    description:
      name: image_picker_android
      sha256: "8243d3324e28806671feb358e3756528bae6f63dacafaecf896e6b45b167def9"
      url: "https://pub.dev"
    source: hosted
    version: "0.8.5+2"
  image_picker_for_web:
    dependency: transitive
    description:
      name: image_picker_for_web
      sha256: "60f306ffbdcada4bc8b2691acc420258a1b758e102c87c4f94fb568d640f0e0e"
      url: "https://pub.dev"
    source: hosted
    version: "2.1.8"
  image_picker_ios:
    dependency: transitive
    description:
      name: image_picker_ios
      sha256: aee8b90c2fb018e18cbb437da661d0531a5346d49cab2d5c4a65ebaf026bbd33
      url: "https://pub.dev"
    source: hosted
    version: "0.8.5+6"
  image_picker_platform_interface:
    dependency: transitive
    description:
      name: image_picker_platform_interface
      sha256: cedb2650709f066ee83fd65a1d99b6ff33e5adf98cea376426dd33c2b22bf6ad
      url: "https://pub.dev"
    source: hosted
    version: "2.6.1"
  intl:
    dependency: "direct main"
    description:
      name: intl
      sha256: "910f85bce16fb5c6f614e117efa303e85a1731bb0081edf3604a2ae6e9a3cc91"
      url: "https://pub.dev"
    source: hosted
    version: "0.17.0"
  js:
    dependency: transitive
    description:
      name: js
      sha256: f2c445dce49627136094980615a031419f7f3eb393237e4ecd97ac15dea343f3
      url: "https://pub.dev"
    source: hosted
    version: "0.6.7"
  json_annotation:
    dependency: transitive
    description:
      name: json_annotation
      sha256: c33da08e136c3df0190bd5bbe51ae1df4a7d96e7954d1d7249fea2968a72d317
      url: "https://pub.dev"
    source: hosted
    version: "4.8.0"
  line_icons:
    dependency: "direct main"
    description:
      name: line_icons
      sha256: "609ce366e38fb046199b7b8f627a703ca4e07018216f4e60d2d7027e7f666b71"
      url: "https://pub.dev"
    source: hosted
    version: "2.0.1"
  matcher:
    dependency: transitive
    description:
      name: matcher
      sha256: "6501fbd55da300384b768785b83e5ce66991266cec21af89ab9ae7f5ce1c4cbb"
      url: "https://pub.dev"
    source: hosted
    version: "0.12.15"
  material_color_utilities:
    dependency: transitive
    description:
      name: material_color_utilities
      sha256: d92141dc6fe1dad30722f9aa826c7fbc896d021d792f80678280601aff8cf724
      url: "https://pub.dev"
    source: hosted
    version: "0.2.0"
  meta:
    dependency: transitive
    description:
      name: meta
      sha256: "3c74dbf8763d36539f114c799d8a2d87343b5067e9d796ca22b5eb8437090ee3"
      url: "https://pub.dev"
    source: hosted
    version: "1.9.1"
  mime:
    dependency: transitive
    description:
      name: mime
      sha256: dab22e92b41aa1255ea90ddc4bc2feaf35544fd0728e209638cad041a6e3928a
      url: "https://pub.dev"
    source: hosted
    version: "1.0.2"
  nested:
    dependency: transitive
    description:
      name: nested
      sha256: "03bac4c528c64c95c722ec99280375a6f2fc708eec17c7b3f07253b626cd2a20"
      url: "https://pub.dev"
    source: hosted
    version: "1.0.0"
  package_info_plus:
    dependency: "direct main"
    description:
      name: package_info_plus
      sha256: ceb027f6bc6a60674a233b4a90a7658af1aebdea833da0b5b53c1e9821a78c7b
      url: "https://pub.dev"
    source: hosted
    version: "4.0.2"
  package_info_plus_platform_interface:
    dependency: transitive
    description:
      name: package_info_plus_platform_interface
      sha256: "9bc8ba46813a4cc42c66ab781470711781940780fd8beddd0c3da62506d3a6c6"
      url: "https://pub.dev"
    source: hosted
    version: "2.0.1"
  page_transition:
    dependency: transitive
    description:
      name: page_transition
      sha256: a7694bc120b7064a7f57c336914bb8885acf4f70bb3772c30c2fcfe6a85e43ff
      url: "https://pub.dev"
    source: hosted
    version: "2.0.9"
  path:
    dependency: transitive
    description:
      name: path
      sha256: "8829d8a55c13fc0e37127c29fedf290c102f4e40ae94ada574091fe0ff96c917"
      url: "https://pub.dev"
    source: hosted
    version: "1.8.3"
  path_provider:
    dependency: transitive
    description:
      name: path_provider
      sha256: "050e8e85e4b7fecdf2bb3682c1c64c4887a183720c802d323de8a5fd76d372dd"
      url: "https://pub.dev"
    source: hosted
    version: "2.0.11"
  path_provider_android:
    dependency: transitive
    description:
      name: path_provider_android
      sha256: "833c8bcb182b515cd872c113e29aaaffd29a1c720259dd2f65ab35ed5e0db748"
      url: "https://pub.dev"
    source: hosted
    version: "2.0.17"
  path_provider_ios:
    dependency: transitive
    description:
      name: path_provider_ios
      sha256: "03d639406f5343478352433f00d3c4394d52dac8df3d847869c5e2333e0bbce8"
      url: "https://pub.dev"
    source: hosted
    version: "2.0.11"
  path_provider_linux:
    dependency: transitive
    description:
      name: path_provider_linux
      sha256: ab0987bf95bc591da42dffb38c77398fc43309f0b9b894dcc5d6f40c4b26c379
      url: "https://pub.dev"
    source: hosted
    version: "2.1.7"
  path_provider_macos:
    dependency: transitive
    description:
      name: path_provider_macos
      sha256: "2a97e7fbb7ae9dcd0dfc1220a78e9ec3e71da691912e617e8715ff2a13086ae8"
      url: "https://pub.dev"
    source: hosted
    version: "2.0.6"
  path_provider_platform_interface:
    dependency: transitive
    description:
      name: path_provider_platform_interface
      sha256: "27dc7a224fcd07444cb5e0e60423ccacea3e13cf00fc5282ac2c918132da931d"
      url: "https://pub.dev"
    source: hosted
    version: "2.0.4"
  path_provider_windows:
    dependency: transitive
    description:
      name: path_provider_windows
      sha256: d3f80b32e83ec208ac95253e0cd4d298e104fbc63cb29c5c69edaed43b0c69d6
      url: "https://pub.dev"
    source: hosted
    version: "2.1.6"
  petitparser:
    dependency: transitive
    description:
      name: petitparser
      sha256: "49392a45ced973e8d94a85fdb21293fbb40ba805fc49f2965101ae748a3683b4"
      url: "https://pub.dev"
    source: hosted
    version: "5.1.0"
  platform:
    dependency: transitive
    description:
      name: platform
      sha256: "4a451831508d7d6ca779f7ac6e212b4023dd5a7d08a27a63da33756410e32b76"
      url: "https://pub.dev"
    source: hosted
    version: "3.1.0"
  plugin_platform_interface:
    dependency: transitive
    description:
      name: plugin_platform_interface
      sha256: "075f927ebbab4262ace8d0b283929ac5410c0ac4e7fc123c76429564facfb757"
      url: "https://pub.dev"
    source: hosted
    version: "2.1.2"
  pointycastle:
    dependency: transitive
    description:
      name: pointycastle
      sha256: db7306cf0249f838d1a24af52b5a5887c5bf7f31d8bb4e827d071dc0939ad346
      url: "https://pub.dev"
    source: hosted
    version: "3.6.2"
  process:
    dependency: transitive
    description:
      name: process
      sha256: "53fd8db9cec1d37b0574e12f07520d582019cb6c44abf5479a01505099a34a09"
      url: "https://pub.dev"
    source: hosted
    version: "4.2.4"
  provider:
    dependency: "direct main"
    description:
      name: provider
      sha256: "8d7d4c2df46d6a6270a4e10404bfecb18a937e3e00f710c260d0a10415ce6b7b"
      url: "https://pub.dev"
    source: hosted
    version: "6.0.3"
  share_plus:
    dependency: "direct main"
    description:
      name: share_plus
      sha256: "2555f2a5be38cef10417ed926287fab766b9c2872df322a5006652471a44a6dd"
      url: "https://pub.dev"
    source: hosted
    version: "4.0.10"
  share_plus_linux:
    dependency: transitive
    description:
      name: share_plus_linux
      sha256: "308853d0472048e4c9b58ccc7faee6937732dc9fee7ab8e09f28bcd8d00a7a03"
      url: "https://pub.dev"
    source: hosted
    version: "3.0.0"
  share_plus_macos:
    dependency: transitive
    description:
      name: share_plus_macos
      sha256: "44daa946f2845045ecd7abb3569b61cd9a55ae9cc4cbec9895b2067b270697ae"
      url: "https://pub.dev"
    source: hosted
    version: "3.0.1"
  share_plus_platform_interface:
    dependency: transitive
    description:
      name: share_plus_platform_interface
      sha256: "04e7c8398fdb776943bb61d7ff109c84db15d1adffaac06696fb46761939be47"
      url: "https://pub.dev"
    source: hosted
    version: "3.0.3"
  share_plus_web:
    dependency: transitive
    description:
      name: share_plus_web
      sha256: d53953fc009365d7256b55adeda1fff2d579057796649c7e29812c1efb442dd4
      url: "https://pub.dev"
    source: hosted
    version: "3.0.1"
  share_plus_windows:
    dependency: transitive
    description:
      name: share_plus_windows
      sha256: "3a21515ae7d46988d42130cd53294849e280a5de6ace24bae6912a1bffd757d4"
      url: "https://pub.dev"
    source: hosted
    version: "3.0.1"
  sky_engine:
    dependency: transitive
    description: flutter
    source: sdk
    version: "0.0.99"
  source_span:
    dependency: transitive
    description:
      name: source_span
      sha256: dd904f795d4b4f3b870833847c461801f6750a9fa8e61ea5ac53f9422b31f250
      url: "https://pub.dev"
    source: hosted
    version: "1.9.1"
  stack_trace:
    dependency: transitive
    description:
      name: stack_trace
      sha256: c3c7d8edb15bee7f0f74debd4b9c5f3c2ea86766fe4178eb2a18eb30a0bdaed5
      url: "https://pub.dev"
    source: hosted
    version: "1.11.0"
  stream_channel:
    dependency: transitive
    description:
      name: stream_channel
      sha256: "83615bee9045c1d322bbbd1ba209b7a749c2cbcdcb3fdd1df8eb488b3279c1c8"
      url: "https://pub.dev"
    source: hosted
    version: "2.1.1"
  string_scanner:
    dependency: transitive
    description:
      name: string_scanner
      sha256: "556692adab6cfa87322a115640c11f13cb77b3f076ddcc5d6ae3c20242bedcde"
      url: "https://pub.dev"
    source: hosted
    version: "1.2.0"
  term_glyph:
    dependency: transitive
    description:
      name: term_glyph
      sha256: a29248a84fbb7c79282b40b8c72a1209db169a2e0542bce341da992fe1bc7e84
      url: "https://pub.dev"
    source: hosted
    version: "1.2.1"
  test_api:
    dependency: transitive
    description:
      name: test_api
      sha256: eb6ac1540b26de412b3403a163d919ba86f6a973fe6cc50ae3541b80092fdcfb
      url: "https://pub.dev"
    source: hosted
    version: "0.5.1"
  typed_data:
    dependency: transitive
    description:
      name: typed_data
      sha256: "53bdf7e979cfbf3e28987552fd72f637e63f3c8724c9e56d9246942dc2fa36ee"
      url: "https://pub.dev"
    source: hosted
    version: "1.3.0"
  url_launcher:
    dependency: transitive
    description:
      name: url_launcher
      sha256: "4f0d5f9bf7efba3da5a7ff03bd33cc898c84bac978c068e1c94483828e709592"
      url: "https://pub.dev"
    source: hosted
    version: "6.1.5"
  url_launcher_android:
    dependency: transitive
    description:
      name: url_launcher_android
      sha256: "1ccd353c1bff66b49863527c02759f4d06b92744bd9777c96a00ca6a9e8e1d2f"
      url: "https://pub.dev"
    source: hosted
    version: "6.0.17"
  url_launcher_ios:
    dependency: transitive
    description:
      name: url_launcher_ios
      sha256: "6ba7dddee26c9fae27c9203c424631109d73c8fa26cfa7bc3e35e751cb87f62e"
      url: "https://pub.dev"
    source: hosted
    version: "6.0.17"
  url_launcher_linux:
    dependency: transitive
    description:
      name: url_launcher_linux
      sha256: "360fa359ab06bcb4f7c5cd3123a2a9a4d3364d4575d27c4b33468bd4497dd094"
      url: "https://pub.dev"
    source: hosted
    version: "3.0.1"
  url_launcher_macos:
    dependency: transitive
    description:
      name: url_launcher_macos
      sha256: a9b3ea9043eabfaadfa3fb89de67a11210d85569086d22b3854484beab8b3978
      url: "https://pub.dev"
    source: hosted
    version: "3.0.1"
  url_launcher_platform_interface:
    dependency: transitive
    description:
      name: url_launcher_platform_interface
      sha256: "80b860b31a11ebbcbe51b8fe887efc204f3af91522f3b51bcda4622d276d2120"
      url: "https://pub.dev"
    source: hosted
    version: "2.1.0"
  url_launcher_web:
    dependency: transitive
    description:
      name: url_launcher_web
      sha256: "5669882643b96bb6d5786637cac727c6e918a790053b09245fd4513b8a07df2a"
      url: "https://pub.dev"
    source: hosted
    version: "2.0.13"
  url_launcher_windows:
    dependency: transitive
    description:
      name: url_launcher_windows
      sha256: e3c3b16d3104260c10eea3b0e34272aaa57921f83148b0619f74c2eced9b7ef1
      url: "https://pub.dev"
    source: hosted
    version: "3.0.1"
  uuid:
    dependency: "direct main"
    description:
      name: uuid
      sha256: "2469694ad079893e3b434a627970c33f2fa5adc46dfe03c9617546969a9a8afc"
      url: "https://pub.dev"
    source: hosted
    version: "3.0.6"
  vector_math:
    dependency: transitive
    description:
      name: vector_math
      sha256: "80b3257d1492ce4d091729e3a67a60407d227c27241d6927be0130c98e741803"
      url: "https://pub.dev"
    source: hosted
    version: "2.1.4"
  win32:
    dependency: transitive
    description:
      name: win32
      sha256: "5a751eddf9db89b3e5f9d50c20ab8612296e4e8db69009788d6c8b060a84191c"
      url: "https://pub.dev"
    source: hosted
    version: "4.1.4"
  xdg_directories:
    dependency: transitive
    description:
      name: xdg_directories
      sha256: "060b6e1c891d956f72b5ac9463466c37cce3fa962a921532fc001e86fe93438e"
      url: "https://pub.dev"
    source: hosted
    version: "0.2.0+1"
  xml:
    dependency: transitive
    description:
      name: xml
      sha256: ac0e3f4bf00ba2708c33fbabbbe766300e509f8c82dbd4ab6525039813f7e2fb
      url: "https://pub.dev"
    source: hosted
    version: "6.1.0"
  yaml:
    dependency: transitive
    description:
      name: yaml
      sha256: "23812a9b125b48d4007117254bca50abb6c712352927eece9e155207b1db2370"
      url: "https://pub.dev"
    source: hosted
    version: "3.1.1"
sdks:
  dart: ">=3.0.0-0 <4.0.0"
  flutter: ">=3.3.0"
